
Microsoft Visual Studio Solution File, Format Version 12.00
# Visual Studio Version 17
VisualStudioVersion = 17.9.34728.123
MinimumVisualStudioVersion = 10.0.40219.1
Project("{9A19103F-16F7-4668-BE54-9A1E7A4F7556}") = "ArrayList", "ArrayList\ArrayList.csproj", "{3AF8EBDF-37C7-4C11-A108-94A60C675B61}"
EndProject
Project("{9A19103F-16F7-4668-BE54-9A1E7A4F7556}") = "SinglyLinkedList", "LinkedList\SinglyLinkedList.csproj", "{B48A8E85-56D5-4D16-A2AE-23A870A31D84}"
EndProject
Project("{9A19103F-16F7-4668-BE54-9A1E7A4F7556}") = "DummyCheck", "DummyCheck\DummyCheck.csproj", "{E98EE589-EDFF-4BB4-BB6A-A1ADADAFB4FD}"
EndProject
Project("{FAE04EC0-301F-11D3-BF4B-00C04F79EFBC}") = "BinarySearchTree", "BinarySearchTree\BinarySearchTree.csproj", "{4E3DE6D8-1239-4246-8F00-8643ECAAAAED}"
EndProject
Global
	GlobalSection(SolutionConfigurationPlatforms) = preSolution
		Debug|Any CPU = Debug|Any CPU
		Release|Any CPU = Release|Any CPU
	EndGlobalSection
	GlobalSection(ProjectConfigurationPlatforms) = postSolution
		{3AF8EBDF-37C7-4C11-A108-94A60C675B61}.Debug|Any CPU.ActiveCfg = Debug|Any CPU
		{3AF8EBDF-37C7-4C11-A108-94A60C675B61}.Debug|Any CPU.Build.0 = Debug|Any CPU
		{3AF8EBDF-37C7-4C11-A108-94A60C675B61}.Release|Any CPU.ActiveCfg = Release|Any CPU
		{3AF8EBDF-37C7-4C11-A108-94A60C675B61}.Release|Any CPU.Build.0 = Release|Any CPU
		{B48A8E85-56D5-4D16-A2AE-23A870A31D84}.Debug|Any CPU.ActiveCfg = Debug|Any CPU
		{B48A8E85-56D5-4D16-A2AE-23A870A31D84}.Debug|Any CPU.Build.0 = Debug|Any CPU
		{B48A8E85-56D5-4D16-A2AE-23A870A31D84}.Release|Any CPU.ActiveCfg = Release|Any CPU
		{B48A8E85-56D5-4D16-A2AE-23A870A31D84}.Release|Any CPU.Build.0 = Release|Any CPU
		{E98EE589-EDFF-4BB4-BB6A-A1ADADAFB4FD}.Debug|Any CPU.ActiveCfg = Debug|Any CPU
		{E98EE589-EDFF-4BB4-BB6A-A1ADADAFB4FD}.Debug|Any CPU.Build.0 = Debug|Any CPU
		{E98EE589-EDFF-4BB4-BB6A-A1ADADAFB4FD}.Release|Any CPU.ActiveCfg = Release|Any CPU
		{E98EE589-EDFF-4BB4-BB6A-A1ADADAFB4FD}.Release|Any CPU.Build.0 = Release|Any CPU
		{4E3DE6D8-1239-4246-8F00-8643ECAAAAED}.Debug|Any CPU.ActiveCfg = Debug|Any CPU
		{4E3DE6D8-1239-4246-8F00-8643ECAAAAED}.Debug|Any CPU.Build.0 = Debug|Any CPU
		{4E3DE6D8-1239-4246-8F00-8643ECAAAAED}.Release|Any CPU.ActiveCfg = Release|Any CPU
		{4E3DE6D8-1239-4246-8F00-8643ECAAAAED}.Release|Any CPU.Build.0 = Release|Any CPU
	EndGlobalSection
	GlobalSection(SolutionProperties) = preSolution
		HideSolutionNode = FALSE
	EndGlobalSection
	GlobalSection(ExtensibilityGlobals) = postSolution
		SolutionGuid = {345C65A9-B1DE-4F4B-8F5E-AFA373234443}
	EndGlobalSection
EndGlobal
